// !$*UTF8*$!
{
	archiveVersion = 1;
	classes = {
	};
	objectVersion = 55;
	objects = {

/* Begin PBXBuildFile section */
		CA20D67927576976004912F1 /* PhotoViewModel.swift in Sources */ = {isa = PBXBuildFile; fileRef = CA20D67827576976004912F1 /* PhotoViewModel.swift */; };
		CA20D6972757A1C8004912F1 /* PhotoCell.swift in Sources */ = {isa = PBXBuildFile; fileRef = CA20D6962757A1C8004912F1 /* PhotoCell.swift */; };
		CA51EFB0275232220083D95D /* AppDelegate.swift in Sources */ = {isa = PBXBuildFile; fileRef = CA51EFAF275232220083D95D /* AppDelegate.swift */; };
		CA51EFB2275232220083D95D /* SceneDelegate.swift in Sources */ = {isa = PBXBuildFile; fileRef = CA51EFB1275232220083D95D /* SceneDelegate.swift */; };
		CA51EFB4275232220083D95D /* ViewController.swift in Sources */ = {isa = PBXBuildFile; fileRef = CA51EFB3275232220083D95D /* ViewController.swift */; };
		CA51EFB7275232220083D95D /* Main.storyboard in Resources */ = {isa = PBXBuildFile; fileRef = CA51EFB5275232220083D95D /* Main.storyboard */; };
		CA51EFB9275232230083D95D /* Assets.xcassets in Resources */ = {isa = PBXBuildFile; fileRef = CA51EFB8275232230083D95D /* Assets.xcassets */; };
		CA51EFBC275232230083D95D /* LaunchScreen.storyboard in Resources */ = {isa = PBXBuildFile; fileRef = CA51EFBA275232230083D95D /* LaunchScreen.storyboard */; };
		CA51EFC6275232920083D95D /* Coordinator.swift in Sources */ = {isa = PBXBuildFile; fileRef = CA51EFC5275232920083D95D /* Coordinator.swift */; };
		CA51EFC9275233630083D95D /* AppCoordinator.swift in Sources */ = {isa = PBXBuildFile; fileRef = CA51EFC8275233630083D95D /* AppCoordinator.swift */; };
		CA51EFCC275234960083D95D /* LoginModel.swift in Sources */ = {isa = PBXBuildFile; fileRef = CA51EFCB275234960083D95D /* LoginModel.swift */; };
		CA51EFD027523AF00083D95D /* TabbarView.swift in Sources */ = {isa = PBXBuildFile; fileRef = CA51EFCF27523AF00083D95D /* TabbarView.swift */; };
		CA51EFD227523D9B0083D95D /* LoginView.swift in Sources */ = {isa = PBXBuildFile; fileRef = CA51EFD127523D9B0083D95D /* LoginView.swift */; };
		CA51EFD5275248230083D95D /* Alamofire in Frameworks */ = {isa = PBXBuildFile; productRef = CA51EFD4275248230083D95D /* Alamofire */; };
		CA51EFD8275248350083D95D /* SwiftyJSON in Frameworks */ = {isa = PBXBuildFile; productRef = CA51EFD7275248350083D95D /* SwiftyJSON */; };
		CA51EFDB2752485A0083D95D /* ASCollectionView in Frameworks */ = {isa = PBXBuildFile; productRef = CA51EFDA2752485A0083D95D /* ASCollectionView */; };
		CA51EFDD275248910083D95D /* Friend.swift in Sources */ = {isa = PBXBuildFile; fileRef = CA51EFDC275248910083D95D /* Friend.swift */; };
		CA51EFDF275248980083D95D /* Group.swift in Sources */ = {isa = PBXBuildFile; fileRef = CA51EFDE275248980083D95D /* Group.swift */; };
		CA51EFE12752489E0083D95D /* Photo.swift in Sources */ = {isa = PBXBuildFile; fileRef = CA51EFE02752489E0083D95D /* Photo.swift */; };
		CA51EFE3275248A40083D95D /* NewsFeed.swift in Sources */ = {isa = PBXBuildFile; fileRef = CA51EFE2275248A40083D95D /* NewsFeed.swift */; };
		CA51EFE6275248D90083D95D /* VKAPIService.swift in Sources */ = {isa = PBXBuildFile; fileRef = CA51EFE5275248D90083D95D /* VKAPIService.swift */; };
		CA51EFE8275249700083D95D /* FriendsView.swift in Sources */ = {isa = PBXBuildFile; fileRef = CA51EFE7275249700083D95D /* FriendsView.swift */; };
		CA51EFEA275249770083D95D /* GroupsView.swift in Sources */ = {isa = PBXBuildFile; fileRef = CA51EFE9275249770083D95D /* GroupsView.swift */; };
		CA51EFEC2752497E0083D95D /* NewsView.swift in Sources */ = {isa = PBXBuildFile; fileRef = CA51EFEB2752497E0083D95D /* NewsView.swift */; };
		CA51EFEE275249850083D95D /* PhotoView.swift in Sources */ = {isa = PBXBuildFile; fileRef = CA51EFED275249850083D95D /* PhotoView.swift */; };
		CA51EFF1275249D40083D95D /* ImageModifier.swift in Sources */ = {isa = PBXBuildFile; fileRef = CA51EFF0275249D40083D95D /* ImageModifier.swift */; };
		CA51EFF3275249DA0083D95D /* ImageBuilder.swift in Sources */ = {isa = PBXBuildFile; fileRef = CA51EFF2275249DA0083D95D /* ImageBuilder.swift */; };
		CA51EFF5275249DF0083D95D /* ImageLoader.swift in Sources */ = {isa = PBXBuildFile; fileRef = CA51EFF4275249DF0083D95D /* ImageLoader.swift */; };
		CA51EFF7275249E40083D95D /* DateLoader.swift in Sources */ = {isa = PBXBuildFile; fileRef = CA51EFF6275249E40083D95D /* DateLoader.swift */; };
		CA51EFFA27524C0D0083D95D /* UIImageExtension.swift in Sources */ = {isa = PBXBuildFile; fileRef = CA51EFF927524C0D0083D95D /* UIImageExtension.swift */; };
		CA51F00227524E4D0083D95D /* FriendCell.swift in Sources */ = {isa = PBXBuildFile; fileRef = CA51F00127524E4C0083D95D /* FriendCell.swift */; };
		CA51F00927525A730083D95D /* GroupCell.swift in Sources */ = {isa = PBXBuildFile; fileRef = CA51F00827525A730083D95D /* GroupCell.swift */; };
		CA51F00B27525AFD0083D95D /* NewsCell.swift in Sources */ = {isa = PBXBuildFile; fileRef = CA51F00A27525AFD0083D95D /* NewsCell.swift */; };
		CA51F00D27525D1E0083D95D /* FriendsViewModel.swift in Sources */ = {isa = PBXBuildFile; fileRef = CA51F00C27525D1E0083D95D /* FriendsViewModel.swift */; };
		CA51F0122752647F0083D95D /* NewsViewModel.swift in Sources */ = {isa = PBXBuildFile; fileRef = CA51F0112752647F0083D95D /* NewsViewModel.swift */; };
		CA51F014275267210083D95D /* GroupsViewModel.swift in Sources */ = {isa = PBXBuildFile; fileRef = CA51F013275267210083D95D /* GroupsViewModel.swift */; };
/* End PBXBuildFile section */

/* Begin PBXFileReference section */
		CA20D67827576976004912F1 /* PhotoViewModel.swift */ = {isa = PBXFileReference; lastKnownFileType = sourcecode.swift; path = PhotoViewModel.swift; sourceTree = "<group>"; };
		CA20D6962757A1C8004912F1 /* PhotoCell.swift */ = {isa = PBXFileReference; lastKnownFileType = sourcecode.swift; path = PhotoCell.swift; sourceTree = "<group>"; };
		CA51EFAC275232220083D95D /* VKCloneWithCoordinator.app */ = {isa = PBXFileReference; explicitFileType = wrapper.application; includeInIndex = 0; path = VKCloneWithCoordinator.app; sourceTree = BUILT_PRODUCTS_DIR; };
		CA51EFAF275232220083D95D /* AppDelegate.swift */ = {isa = PBXFileReference; lastKnownFileType = sourcecode.swift; path = AppDelegate.swift; sourceTree = "<group>"; };
		CA51EFB1275232220083D95D /* SceneDelegate.swift */ = {isa = PBXFileReference; lastKnownFileType = sourcecode.swift; path = SceneDelegate.swift; sourceTree = "<group>"; };
		CA51EFB3275232220083D95D /* ViewController.swift */ = {isa = PBXFileReference; lastKnownFileType = sourcecode.swift; path = ViewController.swift; sourceTree = "<group>"; };
		CA51EFB6275232220083D95D /* Base */ = {isa = PBXFileReference; lastKnownFileType = file.storyboard; name = Base; path = Base.lproj/Main.storyboard; sourceTree = "<group>"; };
		CA51EFB8275232230083D95D /* Assets.xcassets */ = {isa = PBXFileReference; lastKnownFileType = folder.assetcatalog; path = Assets.xcassets; sourceTree = "<group>"; };
		CA51EFBB275232230083D95D /* Base */ = {isa = PBXFileReference; lastKnownFileType = file.storyboard; name = Base; path = Base.lproj/LaunchScreen.storyboard; sourceTree = "<group>"; };
		CA51EFBD275232230083D95D /* Info.plist */ = {isa = PBXFileReference; lastKnownFileType = text.plist.xml; path = Info.plist; sourceTree = "<group>"; };
		CA51EFC5275232920083D95D /* Coordinator.swift */ = {isa = PBXFileReference; lastKnownFileType = sourcecode.swift; path = Coordinator.swift; sourceTree = "<group>"; };
		CA51EFC8275233630083D95D /* AppCoordinator.swift */ = {isa = PBXFileReference; lastKnownFileType = sourcecode.swift; path = AppCoordinator.swift; sourceTree = "<group>"; };
		CA51EFCB275234960083D95D /* LoginModel.swift */ = {isa = PBXFileReference; lastKnownFileType = sourcecode.swift; path = LoginModel.swift; sourceTree = "<group>"; };
		CA51EFCF27523AF00083D95D /* TabbarView.swift */ = {isa = PBXFileReference; lastKnownFileType = sourcecode.swift; path = TabbarView.swift; sourceTree = "<group>"; };
		CA51EFD127523D9B0083D95D /* LoginView.swift */ = {isa = PBXFileReference; fileEncoding = 4; lastKnownFileType = sourcecode.swift; path = LoginView.swift; sourceTree = "<group>"; };
		CA51EFDC275248910083D95D /* Friend.swift */ = {isa = PBXFileReference; fileEncoding = 4; lastKnownFileType = sourcecode.swift; path = Friend.swift; sourceTree = "<group>"; };
		CA51EFDE275248980083D95D /* Group.swift */ = {isa = PBXFileReference; fileEncoding = 4; lastKnownFileType = sourcecode.swift; path = Group.swift; sourceTree = "<group>"; };
		CA51EFE02752489E0083D95D /* Photo.swift */ = {isa = PBXFileReference; fileEncoding = 4; lastKnownFileType = sourcecode.swift; path = Photo.swift; sourceTree = "<group>"; };
		CA51EFE2275248A40083D95D /* NewsFeed.swift */ = {isa = PBXFileReference; fileEncoding = 4; lastKnownFileType = sourcecode.swift; path = NewsFeed.swift; sourceTree = "<group>"; };
		CA51EFE5275248D90083D95D /* VKAPIService.swift */ = {isa = PBXFileReference; fileEncoding = 4; lastKnownFileType = sourcecode.swift; path = VKAPIService.swift; sourceTree = "<group>"; };
		CA51EFE7275249700083D95D /* FriendsView.swift */ = {isa = PBXFileReference; fileEncoding = 4; lastKnownFileType = sourcecode.swift; path = FriendsView.swift; sourceTree = "<group>"; };
		CA51EFE9275249770083D95D /* GroupsView.swift */ = {isa = PBXFileReference; fileEncoding = 4; lastKnownFileType = sourcecode.swift; path = GroupsView.swift; sourceTree = "<group>"; };
		CA51EFEB2752497E0083D95D /* NewsView.swift */ = {isa = PBXFileReference; fileEncoding = 4; lastKnownFileType = sourcecode.swift; path = NewsView.swift; sourceTree = "<group>"; };
		CA51EFED275249850083D95D /* PhotoView.swift */ = {isa = PBXFileReference; fileEncoding = 4; lastKnownFileType = sourcecode.swift; path = PhotoView.swift; sourceTree = "<group>"; };
		CA51EFF0275249D40083D95D /* ImageModifier.swift */ = {isa = PBXFileReference; fileEncoding = 4; lastKnownFileType = sourcecode.swift; path = ImageModifier.swift; sourceTree = "<group>"; };
		CA51EFF2275249DA0083D95D /* ImageBuilder.swift */ = {isa = PBXFileReference; fileEncoding = 4; lastKnownFileType = sourcecode.swift; path = ImageBuilder.swift; sourceTree = "<group>"; };
		CA51EFF4275249DF0083D95D /* ImageLoader.swift */ = {isa = PBXFileReference; fileEncoding = 4; lastKnownFileType = sourcecode.swift; path = ImageLoader.swift; sourceTree = "<group>"; };
		CA51EFF6275249E40083D95D /* DateLoader.swift */ = {isa = PBXFileReference; fileEncoding = 4; lastKnownFileType = sourcecode.swift; path = DateLoader.swift; sourceTree = "<group>"; };
		CA51EFF927524C0D0083D95D /* UIImageExtension.swift */ = {isa = PBXFileReference; fileEncoding = 4; lastKnownFileType = sourcecode.swift; path = UIImageExtension.swift; sourceTree = "<group>"; };
		CA51F00127524E4C0083D95D /* FriendCell.swift */ = {isa = PBXFileReference; fileEncoding = 4; lastKnownFileType = sourcecode.swift; path = FriendCell.swift; sourceTree = "<group>"; };
		CA51F00827525A730083D95D /* GroupCell.swift */ = {isa = PBXFileReference; lastKnownFileType = sourcecode.swift; path = GroupCell.swift; sourceTree = "<group>"; };
		CA51F00A27525AFD0083D95D /* NewsCell.swift */ = {isa = PBXFileReference; lastKnownFileType = sourcecode.swift; path = NewsCell.swift; sourceTree = "<group>"; };
		CA51F00C27525D1E0083D95D /* FriendsViewModel.swift */ = {isa = PBXFileReference; lastKnownFileType = sourcecode.swift; path = FriendsViewModel.swift; sourceTree = "<group>"; };
		CA51F0112752647F0083D95D /* NewsViewModel.swift */ = {isa = PBXFileReference; lastKnownFileType = sourcecode.swift; path = NewsViewModel.swift; sourceTree = "<group>"; };
		CA51F013275267210083D95D /* GroupsViewModel.swift */ = {isa = PBXFileReference; lastKnownFileType = sourcecode.swift; path = GroupsViewModel.swift; sourceTree = "<group>"; };
/* End PBXFileReference section */

/* Begin PBXFrameworksBuildPhase section */
		CA51EFA9275232220083D95D /* Frameworks */ = {
			isa = PBXFrameworksBuildPhase;
			buildActionMask = 2147483647;
			files = (
				CA51EFD8275248350083D95D /* SwiftyJSON in Frameworks */,
				CA51EFDB2752485A0083D95D /* ASCollectionView in Frameworks */,
				CA51EFD5275248230083D95D /* Alamofire in Frameworks */,
			);
			runOnlyForDeploymentPostprocessing = 0;
		};
/* End PBXFrameworksBuildPhase section */

/* Begin PBXGroup section */
		CA51EFA3275232220083D95D = {
			isa = PBXGroup;
			children = (
				CA51EFAE275232220083D95D /* VKCloneWithCoordinator */,
				CA51EFAD275232220083D95D /* Products */,
			);
			sourceTree = "<group>";
		};
		CA51EFAD275232220083D95D /* Products */ = {
			isa = PBXGroup;
			children = (
				CA51EFAC275232220083D95D /* VKCloneWithCoordinator.app */,
			);
			name = Products;
			sourceTree = "<group>";
		};
		CA51EFAE275232220083D95D /* VKCloneWithCoordinator */ = {
			isa = PBXGroup;
			children = (
				CA51EFEF275249B60083D95D /* BuildersLoadersModifiers */,
				CA51EFC32752325D0083D95D /* Delegates */,
				CA51EFC7275233060083D95D /* Protocols */,
				CA51EFF827524BFB0083D95D /* Extensions */,
				CA51EFC42752326D0083D95D /* Coordinator */,
				CA51EFCA2752347A0083D95D /* Models */,
				CA51EFCD27523A9F0083D95D /* Views */,
				CA51F00027524E3E0083D95D /* Cells */,
				CA51EFCE27523AB90083D95D /* Controllers */,
				CA51EFE4275248AC0083D95D /* Services */,
				CA51EFB5275232220083D95D /* Main.storyboard */,
				CA51EFB8275232230083D95D /* Assets.xcassets */,
				CA51EFBA275232230083D95D /* LaunchScreen.storyboard */,
				CA51EFBD275232230083D95D /* Info.plist */,
			);
			path = VKCloneWithCoordinator;
			sourceTree = "<group>";
		};
		CA51EFC32752325D0083D95D /* Delegates */ = {
			isa = PBXGroup;
			children = (
				CA51EFB1275232220083D95D /* SceneDelegate.swift */,
				CA51EFAF275232220083D95D /* AppDelegate.swift */,
			);
			path = Delegates;
			sourceTree = "<group>";
		};
		CA51EFC42752326D0083D95D /* Coordinator */ = {
			isa = PBXGroup;
			children = (
				CA51EFC8275233630083D95D /* AppCoordinator.swift */,
			);
			path = Coordinator;
			sourceTree = "<group>";
		};
		CA51EFC7275233060083D95D /* Protocols */ = {
			isa = PBXGroup;
			children = (
				CA51EFC5275232920083D95D /* Coordinator.swift */,
			);
			path = Protocols;
			sourceTree = "<group>";
		};
		CA51EFCA2752347A0083D95D /* Models */ = {
			isa = PBXGroup;
			children = (
				CA51EFCB275234960083D95D /* LoginModel.swift */,
				CA51EFDC275248910083D95D /* Friend.swift */,
				CA51EFDE275248980083D95D /* Group.swift */,
				CA51EFE02752489E0083D95D /* Photo.swift */,
				CA51EFE2275248A40083D95D /* NewsFeed.swift */,
				CA51F00C27525D1E0083D95D /* FriendsViewModel.swift */,
				CA51F0112752647F0083D95D /* NewsViewModel.swift */,
				CA51F013275267210083D95D /* GroupsViewModel.swift */,
				CA20D67827576976004912F1 /* PhotoViewModel.swift */,
			);
			path = Models;
			sourceTree = "<group>";
		};
		CA51EFCD27523A9F0083D95D /* Views */ = {
			isa = PBXGroup;
			children = (
				CA51EFD127523D9B0083D95D /* LoginView.swift */,
				CA51EFCF27523AF00083D95D /* TabbarView.swift */,
				CA51EFE7275249700083D95D /* FriendsView.swift */,
				CA51EFE9275249770083D95D /* GroupsView.swift */,
				CA51EFEB2752497E0083D95D /* NewsView.swift */,
				CA51EFED275249850083D95D /* PhotoView.swift */,
			);
			path = Views;
			sourceTree = "<group>";
		};
		CA51EFCE27523AB90083D95D /* Controllers */ = {
			isa = PBXGroup;
			children = (
				CA51EFB3275232220083D95D /* ViewController.swift */,
			);
			path = Controllers;
			sourceTree = "<group>";
		};
		CA51EFE4275248AC0083D95D /* Services */ = {
			isa = PBXGroup;
			children = (
				CA51EFE5275248D90083D95D /* VKAPIService.swift */,
			);
			path = Services;
			sourceTree = "<group>";
		};
		CA51EFEF275249B60083D95D /* BuildersLoadersModifiers */ = {
			isa = PBXGroup;
			children = (
				CA51EFF0275249D40083D95D /* ImageModifier.swift */,
				CA51EFF2275249DA0083D95D /* ImageBuilder.swift */,
				CA51EFF4275249DF0083D95D /* ImageLoader.swift */,
				CA51EFF6275249E40083D95D /* DateLoader.swift */,
			);
			path = BuildersLoadersModifiers;
			sourceTree = "<group>";
		};
		CA51EFF827524BFB0083D95D /* Extensions */ = {
			isa = PBXGroup;
			children = (
				CA51EFF927524C0D0083D95D /* UIImageExtension.swift */,
			);
			path = Extensions;
			sourceTree = "<group>";
		};
		CA51F00027524E3E0083D95D /* Cells */ = {
			isa = PBXGroup;
			children = (
				CA51F00127524E4C0083D95D /* FriendCell.swift */,
				CA51F00827525A730083D95D /* GroupCell.swift */,
				CA51F00A27525AFD0083D95D /* NewsCell.swift */,
				CA20D6962757A1C8004912F1 /* PhotoCell.swift */,
			);
			path = Cells;
			sourceTree = "<group>";
		};
/* End PBXGroup section */

/* Begin PBXNativeTarget section */
		CA51EFAB275232220083D95D /* VKCloneWithCoordinator */ = {
			isa = PBXNativeTarget;
			buildConfigurationList = CA51EFC0275232230083D95D /* Build configuration list for PBXNativeTarget "VKCloneWithCoordinator" */;
			buildPhases = (
				CA51EFA8275232220083D95D /* Sources */,
				CA51EFA9275232220083D95D /* Frameworks */,
				CA51EFAA275232220083D95D /* Resources */,
			);
			buildRules = (
			);
			dependencies = (
			);
			name = VKCloneWithCoordinator;
			packageProductDependencies = (
				CA51EFD4275248230083D95D /* Alamofire */,
				CA51EFD7275248350083D95D /* SwiftyJSON */,
				CA51EFDA2752485A0083D95D /* ASCollectionView */,
			);
			productName = VKCloneWithCoordinator;
			productReference = CA51EFAC275232220083D95D /* VKCloneWithCoordinator.app */;
			productType = "com.apple.product-type.application";
		};
/* End PBXNativeTarget section */

/* Begin PBXProject section */
		CA51EFA4275232220083D95D /* Project object */ = {
			isa = PBXProject;
			attributes = {
				BuildIndependentTargetsInParallel = 1;
				LastSwiftUpdateCheck = 1310;
				LastUpgradeCheck = 1310;
				TargetAttributes = {
					CA51EFAB275232220083D95D = {
						CreatedOnToolsVersion = 13.1;
					};
				};
			};
			buildConfigurationList = CA51EFA7275232220083D95D /* Build configuration list for PBXProject "VKCloneWithCoordinator" */;
			compatibilityVersion = "Xcode 13.0";
			developmentRegion = en;
			hasScannedForEncodings = 0;
			knownRegions = (
				en,
				Base,
			);
			mainGroup = CA51EFA3275232220083D95D;
			packageReferences = (
				CA51EFD3275248230083D95D /* XCRemoteSwiftPackageReference "Alamofire" */,
				CA51EFD6275248350083D95D /* XCRemoteSwiftPackageReference "SwiftyJSON" */,
				CA51EFD92752485A0083D95D /* XCRemoteSwiftPackageReference "ASCollectionView" */,
			);
			productRefGroup = CA51EFAD275232220083D95D /* Products */;
			projectDirPath = "";
			projectRoot = "";
			targets = (
				CA51EFAB275232220083D95D /* VKCloneWithCoordinator */,
			);
		};
/* End PBXProject section */

/* Begin PBXResourcesBuildPhase section */
		CA51EFAA275232220083D95D /* Resources */ = {
			isa = PBXResourcesBuildPhase;
			buildActionMask = 2147483647;
			files = (
				CA51EFBC275232230083D95D /* LaunchScreen.storyboard in Resources */,
				CA51EFB9275232230083D95D /* Assets.xcassets in Resources */,
				CA51EFB7275232220083D95D /* Main.storyboard in Resources */,
			);
			runOnlyForDeploymentPostprocessing = 0;
		};
/* End PBXResourcesBuildPhase section */

/* Begin PBXSourcesBuildPhase section */
		CA51EFA8275232220083D95D /* Sources */ = {
			isa = PBXSourcesBuildPhase;
			buildActionMask = 2147483647;
			files = (
				CA51EFE8275249700083D95D /* FriendsView.swift in Sources */,
				CA51EFEC2752497E0083D95D /* NewsView.swift in Sources */,
				CA51EFF5275249DF0083D95D /* ImageLoader.swift in Sources */,
				CA51EFB4275232220083D95D /* ViewController.swift in Sources */,
				CA51EFD027523AF00083D95D /* TabbarView.swift in Sources */,
				CA51EFC6275232920083D95D /* Coordinator.swift in Sources */,
				CA51EFDF275248980083D95D /* Group.swift in Sources */,
				CA51EFCC275234960083D95D /* LoginModel.swift in Sources */,
				CA51EFC9275233630083D95D /* AppCoordinator.swift in Sources */,
				CA51EFE3275248A40083D95D /* NewsFeed.swift in Sources */,
				CA20D67927576976004912F1 /* PhotoViewModel.swift in Sources */,
				CA51EFB0275232220083D95D /* AppDelegate.swift in Sources */,
				CA51F0122752647F0083D95D /* NewsViewModel.swift in Sources */,
				CA51EFF7275249E40083D95D /* DateLoader.swift in Sources */,
				CA51EFEA275249770083D95D /* GroupsView.swift in Sources */,
				CA51EFE12752489E0083D95D /* Photo.swift in Sources */,
				CA20D6972757A1C8004912F1 /* PhotoCell.swift in Sources */,
				CA51EFDD275248910083D95D /* Friend.swift in Sources */,
				CA51EFFA27524C0D0083D95D /* UIImageExtension.swift in Sources */,
				CA51F00927525A730083D95D /* GroupCell.swift in Sources */,
				CA51EFD227523D9B0083D95D /* LoginView.swift in Sources */,
				CA51EFF1275249D40083D95D /* ImageModifier.swift in Sources */,
				CA51F00227524E4D0083D95D /* FriendCell.swift in Sources */,
				CA51EFB2275232220083D95D /* SceneDelegate.swift in Sources */,
				CA51F014275267210083D95D /* GroupsViewModel.swift in Sources */,
				CA51EFE6275248D90083D95D /* VKAPIService.swift in Sources */,
				CA51EFF3275249DA0083D95D /* ImageBuilder.swift in Sources */,
				CA51F00B27525AFD0083D95D /* NewsCell.swift in Sources */,
				CA51F00D27525D1E0083D95D /* FriendsViewModel.swift in Sources */,
				CA51EFEE275249850083D95D /* PhotoView.swift in Sources */,
			);
			runOnlyForDeploymentPostprocessing = 0;
		};
/* End PBXSourcesBuildPhase section */

/* Begin PBXVariantGroup section */
		CA51EFB5275232220083D95D /* Main.storyboard */ = {
			isa = PBXVariantGroup;
			children = (
				CA51EFB6275232220083D95D /* Base */,
			);
			name = Main.storyboard;
			sourceTree = "<group>";
		};
		CA51EFBA275232230083D95D /* LaunchScreen.storyboard */ = {
			isa = PBXVariantGroup;
			children = (
				CA51EFBB275232230083D95D /* Base */,
			);
			name = LaunchScreen.storyboard;
			sourceTree = "<group>";
		};
/* End PBXVariantGroup section */

/* Begin XCBuildConfiguration section */
		CA51EFBE275232230083D95D /* Debug */ = {
			isa = XCBuildConfiguration;
			buildSettings = {
				ALWAYS_SEARCH_USER_PATHS = NO;
				CLANG_ANALYZER_NONNULL = YES;
				CLANG_ANALYZER_NUMBER_OBJECT_CONVERSION = YES_AGGRESSIVE;
				CLANG_CXX_LANGUAGE_STANDARD = "gnu++17";
				CLANG_CXX_LIBRARY = "libc++";
				CLANG_ENABLE_MODULES = YES;
				CLANG_ENABLE_OBJC_ARC = YES;
				CLANG_ENABLE_OBJC_WEAK = YES;
				CLANG_WARN_BLOCK_CAPTURE_AUTORELEASING = YES;
				CLANG_WARN_BOOL_CONVERSION = YES;
				CLANG_WARN_COMMA = YES;
				CLANG_WARN_CONSTANT_CONVERSION = YES;
				CLANG_WARN_DEPRECATED_OBJC_IMPLEMENTATIONS = YES;
				CLANG_WARN_DIRECT_OBJC_ISA_USAGE = YES_ERROR;
				CLANG_WARN_DOCUMENTATION_COMMENTS = YES;
				CLANG_WARN_EMPTY_BODY = YES;
				CLANG_WARN_ENUM_CONVERSION = YES;
				CLANG_WARN_INFINITE_RECURSION = YES;
				CLANG_WARN_INT_CONVERSION = YES;
				CLANG_WARN_NON_LITERAL_NULL_CONVERSION = YES;
				CLANG_WARN_OBJC_IMPLICIT_RETAIN_SELF = YES;
				CLANG_WARN_OBJC_LITERAL_CONVERSION = YES;
				CLANG_WARN_OBJC_ROOT_CLASS = YES_ERROR;
				CLANG_WARN_QUOTED_INCLUDE_IN_FRAMEWORK_HEADER = YES;
				CLANG_WARN_RANGE_LOOP_ANALYSIS = YES;
				CLANG_WARN_STRICT_PROTOTYPES = YES;
				CLANG_WARN_SUSPICIOUS_MOVE = YES;
				CLANG_WARN_UNGUARDED_AVAILABILITY = YES_AGGRESSIVE;
				CLANG_WARN_UNREACHABLE_CODE = YES;
				CLANG_WARN__DUPLICATE_METHOD_MATCH = YES;
				COPY_PHASE_STRIP = NO;
				DEBUG_INFORMATION_FORMAT = dwarf;
				ENABLE_STRICT_OBJC_MSGSEND = YES;
				ENABLE_TESTABILITY = YES;
				GCC_C_LANGUAGE_STANDARD = gnu11;
				GCC_DYNAMIC_NO_PIC = NO;
				GCC_NO_COMMON_BLOCKS = YES;
				GCC_OPTIMIZATION_LEVEL = 0;
				GCC_PREPROCESSOR_DEFINITIONS = (
					"DEBUG=1",
					"$(inherited)",
				);
				GCC_WARN_64_TO_32_BIT_CONVERSION = YES;
				GCC_WARN_ABOUT_RETURN_TYPE = YES_ERROR;
				GCC_WARN_UNDECLARED_SELECTOR = YES;
				GCC_WARN_UNINITIALIZED_AUTOS = YES_AGGRESSIVE;
				GCC_WARN_UNUSED_FUNCTION = YES;
				GCC_WARN_UNUSED_VARIABLE = YES;
				IPHONEOS_DEPLOYMENT_TARGET = 15.0;
				MTL_ENABLE_DEBUG_INFO = INCLUDE_SOURCE;
				MTL_FAST_MATH = YES;
				ONLY_ACTIVE_ARCH = YES;
				SDKROOT = iphoneos;
				SWIFT_ACTIVE_COMPILATION_CONDITIONS = DEBUG;
				SWIFT_OPTIMIZATION_LEVEL = "-Onone";
			};
			name = Debug;
		};
		CA51EFBF275232230083D95D /* Release */ = {
			isa = XCBuildConfiguration;
			buildSettings = {
				ALWAYS_SEARCH_USER_PATHS = NO;
				CLANG_ANALYZER_NONNULL = YES;
				CLANG_ANALYZER_NUMBER_OBJECT_CONVERSION = YES_AGGRESSIVE;
				CLANG_CXX_LANGUAGE_STANDARD = "gnu++17";
				CLANG_CXX_LIBRARY = "libc++";
				CLANG_ENABLE_MODULES = YES;
				CLANG_ENABLE_OBJC_ARC = YES;
				CLANG_ENABLE_OBJC_WEAK = YES;
				CLANG_WARN_BLOCK_CAPTURE_AUTORELEASING = YES;
				CLANG_WARN_BOOL_CONVERSION = YES;
				CLANG_WARN_COMMA = YES;
				CLANG_WARN_CONSTANT_CONVERSION = YES;
				CLANG_WARN_DEPRECATED_OBJC_IMPLEMENTATIONS = YES;
				CLANG_WARN_DIRECT_OBJC_ISA_USAGE = YES_ERROR;
				CLANG_WARN_DOCUMENTATION_COMMENTS = YES;
				CLANG_WARN_EMPTY_BODY = YES;
				CLANG_WARN_ENUM_CONVERSION = YES;
				CLANG_WARN_INFINITE_RECURSION = YES;
				CLANG_WARN_INT_CONVERSION = YES;
				CLANG_WARN_NON_LITERAL_NULL_CONVERSION = YES;
				CLANG_WARN_OBJC_IMPLICIT_RETAIN_SELF = YES;
				CLANG_WARN_OBJC_LITERAL_CONVERSION = YES;
				CLANG_WARN_OBJC_ROOT_CLASS = YES_ERROR;
				CLANG_WARN_QUOTED_INCLUDE_IN_FRAMEWORK_HEADER = YES;
				CLANG_WARN_RANGE_LOOP_ANALYSIS = YES;
				CLANG_WARN_STRICT_PROTOTYPES = YES;
				CLANG_WARN_SUSPICIOUS_MOVE = YES;
				CLANG_WARN_UNGUARDED_AVAILABILITY = YES_AGGRESSIVE;
				CLANG_WARN_UNREACHABLE_CODE = YES;
				CLANG_WARN__DUPLICATE_METHOD_MATCH = YES;
				COPY_PHASE_STRIP = NO;
				DEBUG_INFORMATION_FORMAT = "dwarf-with-dsym";
				ENABLE_NS_ASSERTIONS = NO;
				ENABLE_STRICT_OBJC_MSGSEND = YES;
				GCC_C_LANGUAGE_STANDARD = gnu11;
				GCC_NO_COMMON_BLOCKS = YES;
				GCC_WARN_64_TO_32_BIT_CONVERSION = YES;
				GCC_WARN_ABOUT_RETURN_TYPE = YES_ERROR;
				GCC_WARN_UNDECLARED_SELECTOR = YES;
				GCC_WARN_UNINITIALIZED_AUTOS = YES_AGGRESSIVE;
				GCC_WARN_UNUSED_FUNCTION = YES;
				GCC_WARN_UNUSED_VARIABLE = YES;
				IPHONEOS_DEPLOYMENT_TARGET = 15.0;
				MTL_ENABLE_DEBUG_INFO = NO;
				MTL_FAST_MATH = YES;
				SDKROOT = iphoneos;
				SWIFT_COMPILATION_MODE = wholemodule;
				SWIFT_OPTIMIZATION_LEVEL = "-O";
				VALIDATE_PRODUCT = YES;
			};
			name = Release;
		};
		CA51EFC1275232230083D95D /* Debug */ = {
			isa = XCBuildConfiguration;
			buildSettings = {
				ASSETCATALOG_COMPILER_APPICON_NAME = AppIcon;
				ASSETCATALOG_COMPILER_GLOBAL_ACCENT_COLOR_NAME = AccentColor;
				CODE_SIGN_STYLE = Automatic;
				CURRENT_PROJECT_VERSION = 1;
				DEVELOPMENT_TEAM = WBQRF7BRYB;
				GENERATE_INFOPLIST_FILE = YES;
				INFOPLIST_FILE = VKCloneWithCoordinator/Info.plist;
				INFOPLIST_KEY_UIApplicationSupportsIndirectInputEvents = YES;
				INFOPLIST_KEY_UILaunchStoryboardName = LaunchScreen;
				INFOPLIST_KEY_UIMainStoryboardFile = Main;
				INFOPLIST_KEY_UISupportedInterfaceOrientations_iPad = "UIInterfaceOrientationPortrait UIInterfaceOrientationPortraitUpsideDown UIInterfaceOrientationLandscapeLeft UIInterfaceOrientationLandscapeRight";
				INFOPLIST_KEY_UISupportedInterfaceOrientations_iPhone = "UIInterfaceOrientationPortrait UIInterfaceOrientationLandscapeLeft UIInterfaceOrientationLandscapeRight";
				LD_RUNPATH_SEARCH_PATHS = (
					"$(inherited)",
					"@executable_path/Frameworks",
				);
				MARKETING_VERSION = 1.0;
				PRODUCT_BUNDLE_IDENTIFIER = com.dk.VKCloneWithCoordinator;
				PRODUCT_NAME = "$(TARGET_NAME)";
				SWIFT_EMIT_LOC_STRINGS = YES;
				SWIFT_VERSION = 5.0;
				TARGETED_DEVICE_FAMILY = "1,2";
			};
			name = Debug;
		};
		CA51EFC2275232230083D95D /* Release */ = {
			isa = XCBuildConfiguration;
			buildSettings = {
				ASSETCATALOG_COMPILER_APPICON_NAME = AppIcon;
				ASSETCATALOG_COMPILER_GLOBAL_ACCENT_COLOR_NAME = AccentColor;
				CODE_SIGN_STYLE = Automatic;
				CURRENT_PROJECT_VERSION = 1;
				DEVELOPMENT_TEAM = WBQRF7BRYB;
				GENERATE_INFOPLIST_FILE = YES;
				INFOPLIST_FILE = VKCloneWithCoordinator/Info.plist;
				INFOPLIST_KEY_UIApplicationSupportsIndirectInputEvents = YES;
				INFOPLIST_KEY_UILaunchStoryboardName = LaunchScreen;
				INFOPLIST_KEY_UIMainStoryboardFile = Main;
				INFOPLIST_KEY_UISupportedInterfaceOrientations_iPad = "UIInterfaceOrientationPortrait UIInterfaceOrientationPortraitUpsideDown UIInterfaceOrientationLandscapeLeft UIInterfaceOrientationLandscapeRight";
				INFOPLIST_KEY_UISupportedInterfaceOrientations_iPhone = "UIInterfaceOrientationPortrait UIInterfaceOrientationLandscapeLeft UIInterfaceOrientationLandscapeRight";
				LD_RUNPATH_SEARCH_PATHS = (
					"$(inherited)",
					"@executable_path/Frameworks",
				);
				MARKETING_VERSION = 1.0;
				PRODUCT_BUNDLE_IDENTIFIER = com.dk.VKCloneWithCoordinator;
				PRODUCT_NAME = "$(TARGET_NAME)";
				SWIFT_EMIT_LOC_STRINGS = YES;
				SWIFT_VERSION = 5.0;
				TARGETED_DEVICE_FAMILY = "1,2";
			};
			name = Release;
		};
/* End XCBuildConfiguration section */

/* Begin XCConfigurationList section */
		CA51EFA7275232220083D95D /* Build configuration list for PBXProject "VKCloneWithCoordinator" */ = {
			isa = XCConfigurationList;
			buildConfigurations = (
				CA51EFBE275232230083D95D /* Debug */,
				CA51EFBF275232230083D95D /* Release */,
			);
			defaultConfigurationIsVisible = 0;
			defaultConfigurationName = Release;
		};
		CA51EFC0275232230083D95D /* Build configuration list for PBXNativeTarget "VKCloneWithCoordinator" */ = {
			isa = XCConfigurationList;
			buildConfigurations = (
				CA51EFC1275232230083D95D /* Debug */,
				CA51EFC2275232230083D95D /* Release */,
			);
			defaultConfigurationIsVisible = 0;
			defaultConfigurationName = Release;
		};
/* End XCConfigurationList section */

/* Begin XCRemoteSwiftPackageReference section */
		CA51EFD3275248230083D95D /* XCRemoteSwiftPackageReference "Alamofire" */ = {
			isa = XCRemoteSwiftPackageReference;
			repositoryURL = "https://github.com/Alamofire/Alamofire.git";
			requirement = {
				branch = master;
				kind = branch;
			};
		};
		CA51EFD6275248350083D95D /* XCRemoteSwiftPackageReference "SwiftyJSON" */ = {
			isa = XCRemoteSwiftPackageReference;
			repositoryURL = "https://github.com/SwiftyJSON/SwiftyJSON.git";
			requirement = {
				branch = master;
				kind = branch;
			};
		};
		CA51EFD92752485A0083D95D /* XCRemoteSwiftPackageReference "ASCollectionView" */ = {
			isa = XCRemoteSwiftPackageReference;
			repositoryURL = "https://github.com/apptekstudios/ASCollectionView.git";
			requirement = {
				branch = master;
				kind = branch;
			};
		};
/* End XCRemoteSwiftPackageReference section */

/* Begin XCSwiftPackageProductDependency section */
		CA51EFD4275248230083D95D /* Alamofire */ = {
			isa = XCSwiftPackageProductDependency;
			package = CA51EFD3275248230083D95D /* XCRemoteSwiftPackageReference "Alamofire" */;
			productName = Alamofire;
		};
		CA51EFD7275248350083D95D /* SwiftyJSON */ = {
			isa = XCSwiftPackageProductDependency;
			package = CA51EFD6275248350083D95D /* XCRemoteSwiftPackageReference "SwiftyJSON" */;
			productName = SwiftyJSON;
		};
		CA51EFDA2752485A0083D95D /* ASCollectionView */ = {
			isa = XCSwiftPackageProductDependency;
			package = CA51EFD92752485A0083D95D /* XCRemoteSwiftPackageReference "ASCollectionView" */;
			productName = ASCollectionView;
		};
/* End XCSwiftPackageProductDependency section */
	};
	rootObject = CA51EFA4275232220083D95D /* Project object */;
}
